
Microsoft Visual Studio Solution File, Format Version 12.00
# Visual Studio Version 16
VisualStudioVersion = 16.0.31729.503
MinimumVisualStudioVersion = 10.0.40219.1
Project("{FAE04EC0-301F-11D3-BF4B-00C04F79EFBC}") = "WindowsFormsApp1", "WindowsFormsApp1\WindowsFormsApp1.csproj", "{195786F2-210B-45A7-83CD-CBC581FF062D}"
EndProject
Global
	GlobalSection(SolutionConfigurationPlatforms) = preSolution
		Debug|Any CPU = Debug|Any CPU
		Debug|x86 = Debug|x86
		Release|Any CPU = Release|Any CPU
		Release|x86 = Release|x86
	EndGlobalSection
	GlobalSection(ProjectConfigurationPlatforms) = postSolution
		{195786F2-210B-45A7-83CD-CBC581FF062D}.Debug|Any CPU.ActiveCfg = Debug|Any CPU
		{195786F2-210B-45A7-83CD-CBC581FF062D}.Debug|Any CPU.Build.0 = Debug|Any CPU
		{195786F2-210B-45A7-83CD-CBC581FF062D}.Debug|x86.ActiveCfg = Debug|x86
		{195786F2-210B-45A7-83CD-CBC581FF062D}.Debug|x86.Build.0 = Debug|x86
		{195786F2-210B-45A7-83CD-CBC581FF062D}.Release|Any CPU.ActiveCfg = Release|Any CPU
		{195786F2-210B-45A7-83CD-CBC581FF062D}.Release|Any CPU.Build.0 = Release|Any CPU
		{195786F2-210B-45A7-83CD-CBC581FF062D}.Release|x86.ActiveCfg = Release|x86
		{195786F2-210B-45A7-83CD-CBC581FF062D}.Release|x86.Build.0 = Release|x86
	EndGlobalSection
	GlobalSection(SolutionProperties) = preSolution
		HideSolutionNode = FALSE
	EndGlobalSection
	GlobalSection(ExtensibilityGlobals) = postSolution
		SolutionGuid = {A3805E8C-0EFD-4238-B009-B05746A1D001}
	EndGlobalSection
EndGlobal
